
Microsoft Visual Studio Solution File, Format Version 12.00
# Visual Studio Version 17
VisualStudioVersion = 17.7.34202.233
MinimumVisualStudioVersion = 10.0.40219.1
Project("{9A19103F-16F7-4668-BE54-9A1E7A4F7556}") = "Lab5PreviousTasks", "Lab5PreviousTasks\Lab5PreviousTasks.csproj", "{8511B6D0-45E8-4133-BEAF-6D6FBA58A963}"
EndProject
Project("{9A19103F-16F7-4668-BE54-9A1E7A4F7556}") = "Lab5WebApp", "Lab5WebApp\Lab5WebApp.csproj", "{98D168BA-A695-4057-A305-A940B6167926}"
EndProject
Global
	GlobalSection(SolutionConfigurationPlatforms) = preSolution
		Debug|Any CPU = Debug|Any CPU
		Release|Any CPU = Release|Any CPU
	EndGlobalSection
	GlobalSection(ProjectConfigurationPlatforms) = postSolution
		{8511B6D0-45E8-4133-BEAF-6D6FBA58A963}.Debug|Any CPU.ActiveCfg = Debug|Any CPU
		{8511B6D0-45E8-4133-BEAF-6D6FBA58A963}.Debug|Any CPU.Build.0 = Debug|Any CPU
		{8511B6D0-45E8-4133-BEAF-6D6FBA58A963}.Release|Any CPU.ActiveCfg = Release|Any CPU
		{8511B6D0-45E8-4133-BEAF-6D6FBA58A963}.Release|Any CPU.Build.0 = Release|Any CPU
		{98D168BA-A695-4057-A305-A940B6167926}.Debug|Any CPU.ActiveCfg = Debug|Any CPU
		{98D168BA-A695-4057-A305-A940B6167926}.Debug|Any CPU.Build.0 = Debug|Any CPU
		{98D168BA-A695-4057-A305-A940B6167926}.Release|Any CPU.ActiveCfg = Release|Any CPU
		{98D168BA-A695-4057-A305-A940B6167926}.Release|Any CPU.Build.0 = Release|Any CPU
	EndGlobalSection
	GlobalSection(SolutionProperties) = preSolution
		HideSolutionNode = FALSE
	EndGlobalSection
	GlobalSection(ExtensibilityGlobals) = postSolution
		SolutionGuid = {E49E11B3-BA8F-4663-81A1-4A1E530F0FC1}
	EndGlobalSection
EndGlobal
