
Microsoft Visual Studio Solution File, Format Version 12.00
# Visual Studio Version 17
VisualStudioVersion = 17.7.34202.233
MinimumVisualStudioVersion = 10.0.40219.1
Project("{9A19103F-16F7-4668-BE54-9A1E7A4F7556}") = "Lab6RestAPI", "Lab6RestAPI\Lab6RestAPI.csproj", "{8D41231A-7B98-4504-8189-DC79AC274A3B}"
EndProject
Project("{FAE04EC0-301F-11D3-BF4B-00C04F79EFBC}") = "Lab6WebApp", "Lab6WebApp\Lab6WebApp.csproj", "{590D0F3D-39ED-4492-8DAF-95AF5DCA2D0E}"
EndProject
Global
	GlobalSection(SolutionConfigurationPlatforms) = preSolution
		Debug|Any CPU = Debug|Any CPU
		Release|Any CPU = Release|Any CPU
	EndGlobalSection
	GlobalSection(ProjectConfigurationPlatforms) = postSolution
		{8D41231A-7B98-4504-8189-DC79AC274A3B}.Debug|Any CPU.ActiveCfg = Debug|Any CPU
		{8D41231A-7B98-4504-8189-DC79AC274A3B}.Debug|Any CPU.Build.0 = Debug|Any CPU
		{8D41231A-7B98-4504-8189-DC79AC274A3B}.Release|Any CPU.ActiveCfg = Release|Any CPU
		{8D41231A-7B98-4504-8189-DC79AC274A3B}.Release|Any CPU.Build.0 = Release|Any CPU
		{590D0F3D-39ED-4492-8DAF-95AF5DCA2D0E}.Debug|Any CPU.ActiveCfg = Debug|Any CPU
		{590D0F3D-39ED-4492-8DAF-95AF5DCA2D0E}.Debug|Any CPU.Build.0 = Debug|Any CPU
		{590D0F3D-39ED-4492-8DAF-95AF5DCA2D0E}.Release|Any CPU.ActiveCfg = Release|Any CPU
		{590D0F3D-39ED-4492-8DAF-95AF5DCA2D0E}.Release|Any CPU.Build.0 = Release|Any CPU
	EndGlobalSection
	GlobalSection(SolutionProperties) = preSolution
		HideSolutionNode = FALSE
	EndGlobalSection
	GlobalSection(ExtensibilityGlobals) = postSolution
		SolutionGuid = {E6F4E924-B3B6-41E1-97C2-0445B03B1742}
	EndGlobalSection
EndGlobal
